
Microsoft Visual Studio Solution File, Format Version 12.00
# Visual Studio Version 16
VisualStudioVersion = 16.0.29009.5
MinimumVisualStudioVersion = 10.0.40219.1
Project("{FAE04EC0-301F-11D3-BF4B-00C04F79EFBC}") = "ConsoleApp", "ConsoleApp\ConsoleApp.csproj", "{D44C4FA9-0EBB-4754-8772-30020BEC3D6F}"
EndProject
Project("{FAE04EC0-301F-11D3-BF4B-00C04F79EFBC}") = "IOC.Service", "IOC.Service\IOC.Service.csproj", "{903ED4B4-F5C8-44F3-8193-8B4FA68A279B}"
EndProject
Project("{FAE04EC0-301F-11D3-BF4B-00C04F79EFBC}") = "IOC.Repository", "IOC.Repository\IOC.Repository.csproj", "{E8B21412-7FA3-4576-9455-713DFE2C9F98}"
EndProject
Project("{FAE04EC0-301F-11D3-BF4B-00C04F79EFBC}") = "IOC.Model", "IOC.Model\IOC.Model.csproj", "{D2CCF1DA-0001-42E6-84EB-2C527A8B96E1}"
EndProject
Project("{FAE04EC0-301F-11D3-BF4B-00C04F79EFBC}") = "IOC.Container", "IOC.Container\IOC.Container.csproj", "{CCBDCC68-BADD-48E0-97C8-684805EA8906}"
EndProject
Global
	GlobalSection(SolutionConfigurationPlatforms) = preSolution
		Debug|Any CPU = Debug|Any CPU
		Release|Any CPU = Release|Any CPU
	EndGlobalSection
	GlobalSection(ProjectConfigurationPlatforms) = postSolution
		{D44C4FA9-0EBB-4754-8772-30020BEC3D6F}.Debug|Any CPU.ActiveCfg = Debug|Any CPU
		{D44C4FA9-0EBB-4754-8772-30020BEC3D6F}.Debug|Any CPU.Build.0 = Debug|Any CPU
		{D44C4FA9-0EBB-4754-8772-30020BEC3D6F}.Release|Any CPU.ActiveCfg = Release|Any CPU
		{D44C4FA9-0EBB-4754-8772-30020BEC3D6F}.Release|Any CPU.Build.0 = Release|Any CPU
		{903ED4B4-F5C8-44F3-8193-8B4FA68A279B}.Debug|Any CPU.ActiveCfg = Debug|Any CPU
		{903ED4B4-F5C8-44F3-8193-8B4FA68A279B}.Debug|Any CPU.Build.0 = Debug|Any CPU
		{903ED4B4-F5C8-44F3-8193-8B4FA68A279B}.Release|Any CPU.ActiveCfg = Release|Any CPU
		{903ED4B4-F5C8-44F3-8193-8B4FA68A279B}.Release|Any CPU.Build.0 = Release|Any CPU
		{E8B21412-7FA3-4576-9455-713DFE2C9F98}.Debug|Any CPU.ActiveCfg = Debug|Any CPU
		{E8B21412-7FA3-4576-9455-713DFE2C9F98}.Debug|Any CPU.Build.0 = Debug|Any CPU
		{E8B21412-7FA3-4576-9455-713DFE2C9F98}.Release|Any CPU.ActiveCfg = Release|Any CPU
		{E8B21412-7FA3-4576-9455-713DFE2C9F98}.Release|Any CPU.Build.0 = Release|Any CPU
		{D2CCF1DA-0001-42E6-84EB-2C527A8B96E1}.Debug|Any CPU.ActiveCfg = Debug|Any CPU
		{D2CCF1DA-0001-42E6-84EB-2C527A8B96E1}.Debug|Any CPU.Build.0 = Debug|Any CPU
		{D2CCF1DA-0001-42E6-84EB-2C527A8B96E1}.Release|Any CPU.ActiveCfg = Release|Any CPU
		{D2CCF1DA-0001-42E6-84EB-2C527A8B96E1}.Release|Any CPU.Build.0 = Release|Any CPU
		{CCBDCC68-BADD-48E0-97C8-684805EA8906}.Debug|Any CPU.ActiveCfg = Debug|Any CPU
		{CCBDCC68-BADD-48E0-97C8-684805EA8906}.Debug|Any CPU.Build.0 = Debug|Any CPU
		{CCBDCC68-BADD-48E0-97C8-684805EA8906}.Release|Any CPU.ActiveCfg = Release|Any CPU
		{CCBDCC68-BADD-48E0-97C8-684805EA8906}.Release|Any CPU.Build.0 = Release|Any CPU
	EndGlobalSection
	GlobalSection(SolutionProperties) = preSolution
		HideSolutionNode = FALSE
	EndGlobalSection
	GlobalSection(ExtensibilityGlobals) = postSolution
		SolutionGuid = {DE062451-8092-43F7-B6BE-C6B6B294FC20}
	EndGlobalSection
EndGlobal
